
Microsoft Visual Studio Solution File, Format Version 12.00
Project("{FAE04EC0-301F-11D3-BF4B-00C04F79EFBC}") = "Traincrew_route_maker/Traincrew_route_maker", "Traincrew_route_maker/Traincrew_route_maker.csproj", "{211D4772-3D04-43FA-A2CD-EB8B1EA2E3FC}"
EndProject
Global
	GlobalSection(SolutionConfigurationPlatforms) = preSolution
		Debug|Any CPU = Debug|Any CPU
		Release|Any CPU = Release|Any CPU
	EndGlobalSection
	GlobalSection(ProjectConfigurationPlatforms) = postSolution
		{211D4772-3D04-43FA-A2CD-EB8B1EA2E3FC}.Debug|Any CPU.ActiveCfg = Debug|Any CPU
		{211D4772-3D04-43FA-A2CD-EB8B1EA2E3FC}.Debug|Any CPU.Build.0 = Debug|Any CPU
		{211D4772-3D04-43FA-A2CD-EB8B1EA2E3FC}.Release|Any CPU.ActiveCfg = Release|Any CPU
		{211D4772-3D04-43FA-A2CD-EB8B1EA2E3FC}.Release|Any CPU.Build.0 = Release|Any CPU
	EndGlobalSection
EndGlobal
